// !$*UTF8*$!
{
	archiveVersion = 1;
	classes = {
	};
	objectVersion = 56;
	objects = {

/* Begin PBXBuildFile section */
		811E9AF22B7E494300663841 /* SanstormSoftwareFZEApp.swift in Sources */ = {isa = PBXBuildFile; fileRef = 811E9AF12B7E494300663841 /* SanstormSoftwareFZEApp.swift */; };
		811E9AF42B7E494300663841 /* MainView.swift in Sources */ = {isa = PBXBuildFile; fileRef = 811E9AF32B7E494300663841 /* MainView.swift */; };
		811E9AF62B7E494500663841 /* Assets.xcassets in Resources */ = {isa = PBXBuildFile; fileRef = 811E9AF52B7E494500663841 /* Assets.xcassets */; };
		811E9AF92B7E494500663841 /* Preview Assets.xcassets in Resources */ = {isa = PBXBuildFile; fileRef = 811E9AF82B7E494500663841 /* Preview Assets.xcassets */; };
		811E9B022B7E49CD00663841 /* AppViewModel.swift in Sources */ = {isa = PBXBuildFile; fileRef = 811E9B012B7E49CD00663841 /* AppViewModel.swift */; };
		811E9B042B7E4BBD00663841 /* DetailsView.swift in Sources */ = {isa = PBXBuildFile; fileRef = 811E9B032B7E4BBD00663841 /* DetailsView.swift */; };
		811E9B092B7E51C600663841 /* ButtonModifier.swift in Sources */ = {isa = PBXBuildFile; fileRef = 811E9B082B7E51C600663841 /* ButtonModifier.swift */; };
/* End PBXBuildFile section */

/* Begin PBXFileReference section */
		811E9AEE2B7E494300663841 /* SanstormSoftwareFZE.app */ = {isa = PBXFileReference; explicitFileType = wrapper.application; includeInIndex = 0; path = SanstormSoftwareFZE.app; sourceTree = BUILT_PRODUCTS_DIR; };
		811E9AF12B7E494300663841 /* SanstormSoftwareFZEApp.swift */ = {isa = PBXFileReference; lastKnownFileType = sourcecode.swift; path = SanstormSoftwareFZEApp.swift; sourceTree = "<group>"; };
		811E9AF32B7E494300663841 /* MainView.swift */ = {isa = PBXFileReference; lastKnownFileType = sourcecode.swift; path = MainView.swift; sourceTree = "<group>"; };
		811E9AF52B7E494500663841 /* Assets.xcassets */ = {isa = PBXFileReference; lastKnownFileType = folder.assetcatalog; path = Assets.xcassets; sourceTree = "<group>"; };
		811E9AF82B7E494500663841 /* Preview Assets.xcassets */ = {isa = PBXFileReference; lastKnownFileType = folder.assetcatalog; path = "Preview Assets.xcassets"; sourceTree = "<group>"; };
		811E9B012B7E49CD00663841 /* AppViewModel.swift */ = {isa = PBXFileReference; lastKnownFileType = sourcecode.swift; path = AppViewModel.swift; sourceTree = "<group>"; };
		811E9B032B7E4BBD00663841 /* DetailsView.swift */ = {isa = PBXFileReference; lastKnownFileType = sourcecode.swift; path = DetailsView.swift; sourceTree = "<group>"; };
		811E9B082B7E51C600663841 /* ButtonModifier.swift */ = {isa = PBXFileReference; lastKnownFileType = sourcecode.swift; path = ButtonModifier.swift; sourceTree = "<group>"; };
/* End PBXFileReference section */

/* Begin PBXFrameworksBuildPhase section */
		811E9AEB2B7E494300663841 /* Frameworks */ = {
			isa = PBXFrameworksBuildPhase;
			buildActionMask = 2147483647;
			files = (
			);
			runOnlyForDeploymentPostprocessing = 0;
		};
/* End PBXFrameworksBuildPhase section */

/* Begin PBXGroup section */
		811E9AE52B7E494300663841 = {
			isa = PBXGroup;
			children = (
				811E9AF02B7E494300663841 /* SanstormSoftwareFZE */,
				811E9AEF2B7E494300663841 /* Products */,
			);
			sourceTree = "<group>";
		};
		811E9AEF2B7E494300663841 /* Products */ = {
			isa = PBXGroup;
			children = (
				811E9AEE2B7E494300663841 /* SanstormSoftwareFZE.app */,
			);
			name = Products;
			sourceTree = "<group>";
		};
		811E9AF02B7E494300663841 /* SanstormSoftwareFZE */ = {
			isa = PBXGroup;
			children = (
				811E9AF12B7E494300663841 /* SanstormSoftwareFZEApp.swift */,
				811E9AFF2B7E499300663841 /* Views */,
				811E9B002B7E499900663841 /* ViewModels */,
				811E9AF52B7E494500663841 /* Assets.xcassets */,
				811E9AF72B7E494500663841 /* Preview Content */,
			);
			path = SanstormSoftwareFZE;
			sourceTree = "<group>";
		};
		811E9AF72B7E494500663841 /* Preview Content */ = {
			isa = PBXGroup;
			children = (
				811E9AF82B7E494500663841 /* Preview Assets.xcassets */,
			);
			path = "Preview Content";
			sourceTree = "<group>";
		};
		811E9AFF2B7E499300663841 /* Views */ = {
			isa = PBXGroup;
			children = (
				811E9AF32B7E494300663841 /* MainView.swift */,
				811E9B032B7E4BBD00663841 /* DetailsView.swift */,
				811E9B072B7E51B100663841 /* Supporting */,
			);
			path = Views;
			sourceTree = "<group>";
		};
		811E9B002B7E499900663841 /* ViewModels */ = {
			isa = PBXGroup;
			children = (
				811E9B012B7E49CD00663841 /* AppViewModel.swift */,
			);
			path = ViewModels;
			sourceTree = "<group>";
		};
		811E9B072B7E51B100663841 /* Supporting */ = {
			isa = PBXGroup;
			children = (
				811E9B082B7E51C600663841 /* ButtonModifier.swift */,
			);
			path = Supporting;
			sourceTree = "<group>";
		};
/* End PBXGroup section */

/* Begin PBXNativeTarget section */
		811E9AED2B7E494300663841 /* SanstormSoftwareFZE */ = {
			isa = PBXNativeTarget;
			buildConfigurationList = 811E9AFC2B7E494500663841 /* Build configuration list for PBXNativeTarget "SanstormSoftwareFZE" */;
			buildPhases = (
				811E9AEA2B7E494300663841 /* Sources */,
				811E9AEB2B7E494300663841 /* Frameworks */,
				811E9AEC2B7E494300663841 /* Resources */,
			);
			buildRules = (
			);
			dependencies = (
			);
			name = SanstormSoftwareFZE;
			productName = SanstormSoftwareFZE;
			productReference = 811E9AEE2B7E494300663841 /* SanstormSoftwareFZE.app */;
			productType = "com.apple.product-type.application";
		};
/* End PBXNativeTarget section */

/* Begin PBXProject section */
		811E9AE62B7E494300663841 /* Project object */ = {
			isa = PBXProject;
			attributes = {
				BuildIndependentTargetsInParallel = 1;
				LastSwiftUpdateCheck = 1520;
				LastUpgradeCheck = 1520;
				TargetAttributes = {
					811E9AED2B7E494300663841 = {
						CreatedOnToolsVersion = 15.2;
					};
				};
			};
			buildConfigurationList = 811E9AE92B7E494300663841 /* Build configuration list for PBXProject "SanstormSoftwareFZE" */;
			compatibilityVersion = "Xcode 14.0";
			developmentRegion = en;
			hasScannedForEncodings = 0;
			knownRegions = (
				en,
				Base,
			);
			mainGroup = 811E9AE52B7E494300663841;
			productRefGroup = 811E9AEF2B7E494300663841 /* Products */;
			projectDirPath = "";
			projectRoot = "";
			targets = (
				811E9AED2B7E494300663841 /* SanstormSoftwareFZE */,
			);
		};
/* End PBXProject section */

/* Begin PBXResourcesBuildPhase section */
		811E9AEC2B7E494300663841 /* Resources */ = {
			isa = PBXResourcesBuildPhase;
			buildActionMask = 2147483647;
			files = (
				811E9AF92B7E494500663841 /* Preview Assets.xcassets in Resources */,
				811E9AF62B7E494500663841 /* Assets.xcassets in Resources */,
			);
			runOnlyForDeploymentPostprocessing = 0;
		};
/* End PBXResourcesBuildPhase section */

/* Begin PBXSourcesBuildPhase section */
		811E9AEA2B7E494300663841 /* Sources */ = {
			isa = PBXSourcesBuildPhase;
			buildActionMask = 2147483647;
			files = (
				811E9B092B7E51C600663841 /* ButtonModifier.swift in Sources */,
				811E9AF42B7E494300663841 /* MainView.swift in Sources */,
				811E9B042B7E4BBD00663841 /* DetailsView.swift in Sources */,
				811E9AF22B7E494300663841 /* SanstormSoftwareFZEApp.swift in Sources */,
				811E9B022B7E49CD00663841 /* AppViewModel.swift in Sources */,
			);
			runOnlyForDeploymentPostprocessing = 0;
		};
/* End PBXSourcesBuildPhase section */

/* Begin XCBuildConfiguration section */
		811E9AFA2B7E494500663841 /* Debug */ = {
			isa = XCBuildConfiguration;
			buildSettings = {
				ALWAYS_SEARCH_USER_PATHS = NO;
				ASSETCATALOG_COMPILER_GENERATE_SWIFT_ASSET_SYMBOL_EXTENSIONS = YES;
				CLANG_ANALYZER_NONNULL = YES;
				CLANG_ANALYZER_NUMBER_OBJECT_CONVERSION = YES_AGGRESSIVE;
				CLANG_CXX_LANGUAGE_STANDARD = "gnu++20";
				CLANG_ENABLE_MODULES = YES;
				CLANG_ENABLE_OBJC_ARC = YES;
				CLANG_ENABLE_OBJC_WEAK = YES;
				CLANG_WARN_BLOCK_CAPTURE_AUTORELEASING = YES;
				CLANG_WARN_BOOL_CONVERSION = YES;
				CLANG_WARN_COMMA = YES;
				CLANG_WARN_CONSTANT_CONVERSION = YES;
				CLANG_WARN_DEPRECATED_OBJC_IMPLEMENTATIONS = YES;
				CLANG_WARN_DIRECT_OBJC_ISA_USAGE = YES_ERROR;
				CLANG_WARN_DOCUMENTATION_COMMENTS = YES;
				CLANG_WARN_EMPTY_BODY = YES;
				CLANG_WARN_ENUM_CONVERSION = YES;
				CLANG_WARN_INFINITE_RECURSION = YES;
				CLANG_WARN_INT_CONVERSION = YES;
				CLANG_WARN_NON_LITERAL_NULL_CONVERSION = YES;
				CLANG_WARN_OBJC_IMPLICIT_RETAIN_SELF = YES;
				CLANG_WARN_OBJC_LITERAL_CONVERSION = YES;
				CLANG_WARN_OBJC_ROOT_CLASS = YES_ERROR;
				CLANG_WARN_QUOTED_INCLUDE_IN_FRAMEWORK_HEADER = YES;
				CLANG_WARN_RANGE_LOOP_ANALYSIS = YES;
				CLANG_WARN_STRICT_PROTOTYPES = YES;
				CLANG_WARN_SUSPICIOUS_MOVE = YES;
				CLANG_WARN_UNGUARDED_AVAILABILITY = YES_AGGRESSIVE;
				CLANG_WARN_UNREACHABLE_CODE = YES;
				CLANG_WARN__DUPLICATE_METHOD_MATCH = YES;
				COPY_PHASE_STRIP = NO;
				DEBUG_INFORMATION_FORMAT = dwarf;
				ENABLE_STRICT_OBJC_MSGSEND = YES;
				ENABLE_TESTABILITY = YES;
				ENABLE_USER_SCRIPT_SANDBOXING = YES;
				GCC_C_LANGUAGE_STANDARD = gnu17;
				GCC_DYNAMIC_NO_PIC = NO;
				GCC_NO_COMMON_BLOCKS = YES;
				GCC_OPTIMIZATION_LEVEL = 0;
				GCC_PREPROCESSOR_DEFINITIONS = (
					"DEBUG=1",
					"$(inherited)",
				);
				GCC_WARN_64_TO_32_BIT_CONVERSION = YES;
				GCC_WARN_ABOUT_RETURN_TYPE = YES_ERROR;
				GCC_WARN_UNDECLARED_SELECTOR = YES;
				GCC_WARN_UNINITIALIZED_AUTOS = YES_AGGRESSIVE;
				GCC_WARN_UNUSED_FUNCTION = YES;
				GCC_WARN_UNUSED_VARIABLE = YES;
				IPHONEOS_DEPLOYMENT_TARGET = 17.2;
				LOCALIZATION_PREFERS_STRING_CATALOGS = YES;
				MTL_ENABLE_DEBUG_INFO = INCLUDE_SOURCE;
				MTL_FAST_MATH = YES;
				ONLY_ACTIVE_ARCH = YES;
				SDKROOT = iphoneos;
				SWIFT_ACTIVE_COMPILATION_CONDITIONS = "DEBUG $(inherited)";
				SWIFT_OPTIMIZATION_LEVEL = "-Onone";
			};
			name = Debug;
		};
		811E9AFB2B7E494500663841 /* Release */ = {
			isa = XCBuildConfiguration;
			buildSettings = {
				ALWAYS_SEARCH_USER_PATHS = NO;
				ASSETCATALOG_COMPILER_GENERATE_SWIFT_ASSET_SYMBOL_EXTENSIONS = YES;
				CLANG_ANALYZER_NONNULL = YES;
				CLANG_ANALYZER_NUMBER_OBJECT_CONVERSION = YES_AGGRESSIVE;
				CLANG_CXX_LANGUAGE_STANDARD = "gnu++20";
				CLANG_ENABLE_MODULES = YES;
				CLANG_ENABLE_OBJC_ARC = YES;
				CLANG_ENABLE_OBJC_WEAK = YES;
				CLANG_WARN_BLOCK_CAPTURE_AUTORELEASING = YES;
				CLANG_WARN_BOOL_CONVERSION = YES;
				CLANG_WARN_COMMA = YES;
				CLANG_WARN_CONSTANT_CONVERSION = YES;
				CLANG_WARN_DEPRECATED_OBJC_IMPLEMENTATIONS = YES;
				CLANG_WARN_DIRECT_OBJC_ISA_USAGE = YES_ERROR;
				CLANG_WARN_DOCUMENTATION_COMMENTS = YES;
				CLANG_WARN_EMPTY_BODY = YES;
				CLANG_WARN_ENUM_CONVERSION = YES;
				CLANG_WARN_INFINITE_RECURSION = YES;
				CLANG_WARN_INT_CONVERSION = YES;
				CLANG_WARN_NON_LITERAL_NULL_CONVERSION = YES;
				CLANG_WARN_OBJC_IMPLICIT_RETAIN_SELF = YES;
				CLANG_WARN_OBJC_LITERAL_CONVERSION = YES;
				CLANG_WARN_OBJC_ROOT_CLASS = YES_ERROR;
				CLANG_WARN_QUOTED_INCLUDE_IN_FRAMEWORK_HEADER = YES;
				CLANG_WARN_RANGE_LOOP_ANALYSIS = YES;
				CLANG_WARN_STRICT_PROTOTYPES = YES;
				CLANG_WARN_SUSPICIOUS_MOVE = YES;
				CLANG_WARN_UNGUARDED_AVAILABILITY = YES_AGGRESSIVE;
				CLANG_WARN_UNREACHABLE_CODE = YES;
				CLANG_WARN__DUPLICATE_METHOD_MATCH = YES;
				COPY_PHASE_STRIP = NO;
				DEBUG_INFORMATION_FORMAT = "dwarf-with-dsym";
				ENABLE_NS_ASSERTIONS = NO;
				ENABLE_STRICT_OBJC_MSGSEND = YES;
				ENABLE_USER_SCRIPT_SANDBOXING = YES;
				GCC_C_LANGUAGE_STANDARD = gnu17;
				GCC_NO_COMMON_BLOCKS = YES;
				GCC_WARN_64_TO_32_BIT_CONVERSION = YES;
				GCC_WARN_ABOUT_RETURN_TYPE = YES_ERROR;
				GCC_WARN_UNDECLARED_SELECTOR = YES;
				GCC_WARN_UNINITIALIZED_AUTOS = YES_AGGRESSIVE;
				GCC_WARN_UNUSED_FUNCTION = YES;
				GCC_WARN_UNUSED_VARIABLE = YES;
				IPHONEOS_DEPLOYMENT_TARGET = 17.2;
				LOCALIZATION_PREFERS_STRING_CATALOGS = YES;
				MTL_ENABLE_DEBUG_INFO = NO;
				MTL_FAST_MATH = YES;
				SDKROOT = iphoneos;
				SWIFT_COMPILATION_MODE = wholemodule;
				VALIDATE_PRODUCT = YES;
			};
			name = Release;
		};
		811E9AFD2B7E494500663841 /* Debug */ = {
			isa = XCBuildConfiguration;
			buildSettings = {
				ASSETCATALOG_COMPILER_APPICON_NAME = AppIcon;
				ASSETCATALOG_COMPILER_GLOBAL_ACCENT_COLOR_NAME = AccentColor;
				CODE_SIGN_STYLE = Automatic;
				CURRENT_PROJECT_VERSION = 1;
				DEVELOPMENT_ASSET_PATHS = "\"SanstormSoftwareFZE/Preview Content\"";
				DEVELOPMENT_TEAM = MWQ8P93RWJ;
				ENABLE_PREVIEWS = YES;
				GENERATE_INFOPLIST_FILE = YES;
				INFOPLIST_KEY_UIApplicationSceneManifest_Generation = YES;
				INFOPLIST_KEY_UIApplicationSupportsIndirectInputEvents = YES;
				INFOPLIST_KEY_UILaunchScreen_Generation = YES;
				INFOPLIST_KEY_UISupportedInterfaceOrientations_iPad = "UIInterfaceOrientationPortrait UIInterfaceOrientationPortraitUpsideDown UIInterfaceOrientationLandscapeLeft UIInterfaceOrientationLandscapeRight";
				INFOPLIST_KEY_UISupportedInterfaceOrientations_iPhone = "UIInterfaceOrientationPortrait UIInterfaceOrientationLandscapeLeft UIInterfaceOrientationLandscapeRight";
				LD_RUNPATH_SEARCH_PATHS = (
					"$(inherited)",
					"@executable_path/Frameworks",
				);
				MARKETING_VERSION = 1.0;
				PRODUCT_BUNDLE_IDENTIFIER = danyloternovoi.SanstormSoftwareFZE;
				PRODUCT_NAME = "$(TARGET_NAME)";
				SWIFT_EMIT_LOC_STRINGS = YES;
				SWIFT_VERSION = 5.0;
				TARGETED_DEVICE_FAMILY = "1,2";
			};
			name = Debug;
		};
		811E9AFE2B7E494500663841 /* Release */ = {
			isa = XCBuildConfiguration;
			buildSettings = {
				ASSETCATALOG_COMPILER_APPICON_NAME = AppIcon;
				ASSETCATALOG_COMPILER_GLOBAL_ACCENT_COLOR_NAME = AccentColor;
				CODE_SIGN_STYLE = Automatic;
				CURRENT_PROJECT_VERSION = 1;
				DEVELOPMENT_ASSET_PATHS = "\"SanstormSoftwareFZE/Preview Content\"";
				DEVELOPMENT_TEAM = MWQ8P93RWJ;
				ENABLE_PREVIEWS = YES;
				GENERATE_INFOPLIST_FILE = YES;
				INFOPLIST_KEY_UIApplicationSceneManifest_Generation = YES;
				INFOPLIST_KEY_UIApplicationSupportsIndirectInputEvents = YES;
				INFOPLIST_KEY_UILaunchScreen_Generation = YES;
				INFOPLIST_KEY_UISupportedInterfaceOrientations_iPad = "UIInterfaceOrientationPortrait UIInterfaceOrientationPortraitUpsideDown UIInterfaceOrientationLandscapeLeft UIInterfaceOrientationLandscapeRight";
				INFOPLIST_KEY_UISupportedInterfaceOrientations_iPhone = "UIInterfaceOrientationPortrait UIInterfaceOrientationLandscapeLeft UIInterfaceOrientationLandscapeRight";
				LD_RUNPATH_SEARCH_PATHS = (
					"$(inherited)",
					"@executable_path/Frameworks",
				);
				MARKETING_VERSION = 1.0;
				PRODUCT_BUNDLE_IDENTIFIER = danyloternovoi.SanstormSoftwareFZE;
				PRODUCT_NAME = "$(TARGET_NAME)";
				SWIFT_EMIT_LOC_STRINGS = YES;
				SWIFT_VERSION = 5.0;
				TARGETED_DEVICE_FAMILY = "1,2";
			};
			name = Release;
		};
/* End XCBuildConfiguration section */

/* Begin XCConfigurationList section */
		811E9AE92B7E494300663841 /* Build configuration list for PBXProject "SanstormSoftwareFZE" */ = {
			isa = XCConfigurationList;
			buildConfigurations = (
				811E9AFA2B7E494500663841 /* Debug */,
				811E9AFB2B7E494500663841 /* Release */,
			);
			defaultConfigurationIsVisible = 0;
			defaultConfigurationName = Release;
		};
		811E9AFC2B7E494500663841 /* Build configuration list for PBXNativeTarget "SanstormSoftwareFZE" */ = {
			isa = XCConfigurationList;
			buildConfigurations = (
				811E9AFD2B7E494500663841 /* Debug */,
				811E9AFE2B7E494500663841 /* Release */,
			);
			defaultConfigurationIsVisible = 0;
			defaultConfigurationName = Release;
		};
/* End XCConfigurationList section */
	};
	rootObject = 811E9AE62B7E494300663841 /* Project object */;
}
